<?xml version="1.0" encoding="utf-8"?>
<Project ToolsVersion="4.0" xmlns="http://schemas.microsoft.com/developer/msbuild/2003">
  <ItemGroup>
    <Filter Include="Source">
      <UniqueIdentifier>{5fb21c81-066d-4314-9abf-1eb4df7db2b5}</UniqueIdentifier>
    </Filter>
    <Filter Include="Source\SCI_Run">
      <UniqueIdentifier>{df405aa8-2f91-48b1-baf3-0f430b48a3d9}</UniqueIdentifier>
    </Filter>
    <Filter Include="Libraries">
      <UniqueIdentifier>{561e897c-59dd-42c6-a3cd-e349a2f423f2}</UniqueIdentifier>
    </Filter>
    <Filter Include="Libraries\Static">
      <UniqueIdentifier>{2f421a3a-97e7-424d-9429-c5a83f08d2f1}</UniqueIdentifier>
    </Filter>
    <Filter Include="Libraries\Dynamic">
      <UniqueIdentifier>{b60f9d99-3a55-4027-bfc7-fbd177195a70}</UniqueIdentifier>
    </Filter>
    <Filter Include="Source\Units">
      <UniqueIdentifier>{214ec32c-2b10-4b60-9734-b3f3cc389686}</UniqueIdentifier>
    </Filter>
    <Filter Include="Source\TQSL">
      <UniqueIdentifier>{134f64e9-2408-4894-970c-cd30396b507b}</UniqueIdentifier>
    </Filter>
    <Filter Include="Source\JCR6">
      <UniqueIdentifier>{b2a67327-2b76-4e76-8814-b058d194d40c}</UniqueIdentifier>
    </Filter>
    <Filter Include="Source\SCI_Run\Shared">
      <UniqueIdentifier>{7377bbc9-d7b5-42cc-b078-facd7915c915}</UniqueIdentifier>
    </Filter>
    <Filter Include="Source\SCI_API">
      <UniqueIdentifier>{7eaed635-59ee-4252-b192-b0c1bddee760}</UniqueIdentifier>
    </Filter>
    <Filter Include="Source\Lunatic">
      <UniqueIdentifier>{62c49db5-3c8b-416c-a504-971565556b8a}</UniqueIdentifier>
    </Filter>
    <Filter Include="Source\Lunatic\Lua">
      <UniqueIdentifier>{953e7d88-afff-4c5c-9f25-e4b2c1ba0c94}</UniqueIdentifier>
    </Filter>
    <Filter Include="Source\Kthura">
      <UniqueIdentifier>{c010cc21-6bfd-429c-b400-e625434eaa30}</UniqueIdentifier>
    </Filter>
    <Filter Include="Source\Statistician">
      <UniqueIdentifier>{dbd1dba7-7919-44c8-ac9c-ccb3f9b8539b}</UniqueIdentifier>
    </Filter>
    <Filter Include="Source\Medals">
      <UniqueIdentifier>{4395dca9-4428-466a-991c-87330217065c}</UniqueIdentifier>
    </Filter>
  </ItemGroup>
  <ItemGroup>
    <ClInclude Include="resource.h">
      <Filter>Source\SCI_Run</Filter>
    </ClInclude>
    <ClInclude Include="SCI_Audio.hpp">
      <Filter>Source\SCI_Run</Filter>
    </ClInclude>
    <ClInclude Include="SCI_Config.hpp">
      <Filter>Source\SCI_Run</Filter>
    </ClInclude>
    <ClInclude Include="SCI_Crash.hpp">
      <Filter>Source\SCI_Run</Filter>
    </ClInclude>
    <ClInclude Include="SCI_Graphics.hpp">
      <Filter>Source\SCI_Run</Filter>
    </ClInclude>
    <ClInclude Include="SCI_JCR.hpp">
      <Filter>Source\SCI_Run</Filter>
    </ClInclude>
    <ClInclude Include="SCI_Kthura.hpp">
      <Filter>Source\SCI_Run</Filter>
    </ClInclude>
    <ClInclude Include="SCI_Load.hpp">
      <Filter>Source\SCI_Run</Filter>
    </ClInclude>
    <ClInclude Include="SCI_Script.hpp">
      <Filter>Source\SCI_Run</Filter>
    </ClInclude>
    <ClInclude Include="..\SCI_Share\SCI_GlobalConfig.hpp">
      <Filter>Source\SCI_Run\Shared</Filter>
    </ClInclude>
    <ClInclude Include="..\SCI_Share\SCI_Header.hpp">
      <Filter>Source\SCI_Run\Shared</Filter>
    </ClInclude>
    <ClInclude Include="..\SCI_Share\Version.hpp">
      <Filter>Source\SCI_Run\Shared</Filter>
    </ClInclude>
    <ClInclude Include="..\..\..\Libs\Lunatic\Lunatic.hpp">
      <Filter>Source\Lunatic</Filter>
    </ClInclude>
    <ClInclude Include="API\API_Bank.hpp">
      <Filter>Source\SCI_API</Filter>
    </ClInclude>
    <ClInclude Include="API\API_DebugConsole.hpp">
      <Filter>Source\SCI_API</Filter>
    </ClInclude>
    <ClInclude Include="API\API_SGJCR_Enum.hpp">
      <Filter>Source\SCI_API</Filter>
    </ClInclude>
    <ClInclude Include="API\SCI_InstallAPIs.hpp">
      <Filter>Source\SCI_API</Filter>
    </ClInclude>
    <ClInclude Include="..\..\..\Libs\Statistician\Statistician.hpp">
      <Filter>Source\Statistician</Filter>
    </ClInclude>
    <ClInclude Include="..\..\..\Libs\Statistician\Statistician_LoadJCR6.hpp">
      <Filter>Source\Statistician</Filter>
    </ClInclude>
    <ClInclude Include="..\..\..\Libs\Statistician\Statistician_SaveJCR6.hpp">
      <Filter>Source\Statistician</Filter>
    </ClInclude>
    <ClInclude Include="..\..\..\Libs\Medals\Medals.hpp">
      <Filter>Source\Medals</Filter>
    </ClInclude>
    <ClInclude Include="..\..\..\Libs\Medals\TrueMedals.hpp">
      <Filter>Source\Medals</Filter>
    </ClInclude>
  </ItemGroup>
  <ItemGroup>
    <ClCompile Include="SCI_Audio.cpp">
      <Filter>Source\SCI_Run</Filter>
    </ClCompile>
    <ClCompile Include="SCI_Config.cpp">
      <Filter>Source\SCI_Run</Filter>
    </ClCompile>
    <ClCompile Include="SCI_Crash.cpp">
      <Filter>Source\SCI_Run</Filter>
    </ClCompile>
    <ClCompile Include="SCI_Graphics.cpp">
      <Filter>Source\SCI_Run</Filter>
    </ClCompile>
    <ClCompile Include="SCI_JCR.cpp">
      <Filter>Source\SCI_Run</Filter>
    </ClCompile>
    <ClCompile Include="SCI_Kthura.cpp">
      <Filter>Source\SCI_Run</Filter>
    </ClCompile>
    <ClCompile Include="SCI_Load.cpp">
      <Filter>Source\SCI_Run</Filter>
    </ClCompile>
    <ClCompile Include="SCI_Script.cpp">
      <Filter>Source\SCI_Run</Filter>
    </ClCompile>
    <ClCompile Include="..\..\..\Libs\Units\Source\SlyvBank.cpp">
      <Filter>Source\Units</Filter>
    </ClCompile>
    <ClCompile Include="..\..\..\Libs\Units\Source\SlyvDijkstra.cpp">
      <Filter>Source\Units</Filter>
    </ClCompile>
    <ClCompile Include="..\..\..\Libs\Units\Source\SlyvDir.cpp">
      <Filter>Source\Units</Filter>
    </ClCompile>
    <ClCompile Include="..\..\..\Libs\Units\Source\SlyvDirry.cpp">
      <Filter>Source\Units</Filter>
    </ClCompile>
    <ClCompile Include="..\..\..\Libs\Units\Source\SlyvMD5.cpp">
      <Filter>Source\Units</Filter>
    </ClCompile>
    <ClCompile Include="..\..\..\Libs\Units\Source\SlyvOpenURL.cpp">
      <Filter>Source\Units</Filter>
    </ClCompile>
    <ClCompile Include="..\..\..\Libs\Units\Source\SlyvQCol.cpp">
      <Filter>Source\Units</Filter>
    </ClCompile>
    <ClCompile Include="..\..\..\Libs\Units\Source\SlyvSTOI.cpp">
      <Filter>Source\Units</Filter>
    </ClCompile>
    <ClCompile Include="..\..\..\Libs\Units\Source\SlyvStream.cpp">
      <Filter>Source\Units</Filter>
    </ClCompile>
    <ClCompile Include="..\..\..\Libs\Units\Source\SlyvString.cpp">
      <Filter>Source\Units</Filter>
    </ClCompile>
    <ClCompile Include="..\..\..\Libs\Units\Source\SlyvTime.cpp">
      <Filter>Source\Units</Filter>
    </ClCompile>
    <ClCompile Include="..\..\..\Libs\Units\Source\SlyvVolumes.cpp">
      <Filter>Source\Units</Filter>
    </ClCompile>
    <ClCompile Include="..\..\..\Libs\TQSL\Source\TQSA.cpp">
      <Filter>Source\TQSL</Filter>
    </ClCompile>
    <ClCompile Include="..\..\..\Libs\TQSL\Source\TQSE.cpp">
      <Filter>Source\TQSL</Filter>
    </ClCompile>
    <ClCompile Include="..\..\..\Libs\TQSL\Source\TQSG.cpp">
      <Filter>Source\TQSL</Filter>
    </ClCompile>
    <ClCompile Include="..\..\..\Libs\TQSL\Source\TQSG_BlopPlasma.cpp">
      <Filter>Source\TQSL</Filter>
    </ClCompile>
    <ClCompile Include="..\..\..\Libs\JCR6\Source\JCR6_Core.cpp">
      <Filter>Source\JCR6</Filter>
    </ClCompile>
    <ClCompile Include="..\..\..\Libs\JCR6\Source\JCR6_JQL.cpp">
      <Filter>Source\JCR6</Filter>
    </ClCompile>
    <ClCompile Include="..\..\..\Libs\JCR6\Source\JCR6_RealDir.cpp">
      <Filter>Source\JCR6</Filter>
    </ClCompile>
    <ClCompile Include="..\..\..\Libs\JCR6\Source\JCR6_Write.cpp">
      <Filter>Source\JCR6</Filter>
    </ClCompile>
    <ClCompile Include="..\..\..\Libs\JCR6\Source\JCR6_zlib.cpp">
      <Filter>Source\JCR6</Filter>
    </ClCompile>
    <ClCompile Include="..\..\..\Libs\Units\Source\SlyvAsk.cpp">
      <Filter>Source\Units</Filter>
    </ClCompile>
    <ClCompile Include="..\SCI_Share\SCI_GlobalConfig.cpp">
      <Filter>Source\SCI_Run\Shared</Filter>
    </ClCompile>
    <ClCompile Include="..\..\..\Libs\Lunatic\Lua\Raw\src\lapi.c">
      <Filter>Source\Lunatic\Lua</Filter>
    </ClCompile>
    <ClCompile Include="..\..\..\Libs\Lunatic\Lua\Raw\src\lauxlib.c">
      <Filter>Source\Lunatic\Lua</Filter>
    </ClCompile>
    <ClCompile Include="..\..\..\Libs\Lunatic\Lua\Raw\src\lbaselib.c">
      <Filter>Source\Lunatic\Lua</Filter>
    </ClCompile>
    <ClCompile Include="..\..\..\Libs\Lunatic\Lua\Raw\src\lcode.c">
      <Filter>Source\Lunatic\Lua</Filter>
    </ClCompile>
    <ClCompile Include="..\..\..\Libs\Lunatic\Lua\Raw\src\lcorolib.c">
      <Filter>Source\Lunatic\Lua</Filter>
    </ClCompile>
    <ClCompile Include="..\..\..\Libs\Lunatic\Lua\Raw\src\lctype.c">
      <Filter>Source\Lunatic\Lua</Filter>
    </ClCompile>
    <ClCompile Include="..\..\..\Libs\Lunatic\Lua\Raw\src\ldblib.c">
      <Filter>Source\Lunatic\Lua</Filter>
    </ClCompile>
    <ClCompile Include="..\..\..\Libs\Lunatic\Lua\Raw\src\ldebug.c">
      <Filter>Source\Lunatic\Lua</Filter>
    </ClCompile>
    <ClCompile Include="..\..\..\Libs\Lunatic\Lua\Raw\src\ldo.c">
      <Filter>Source\Lunatic\Lua</Filter>
    </ClCompile>
    <ClCompile Include="..\..\..\Libs\Lunatic\Lua\Raw\src\ldump.c">
      <Filter>Source\Lunatic\Lua</Filter>
    </ClCompile>
    <ClCompile Include="..\..\..\Libs\Lunatic\Lua\Raw\src\lfunc.c">
      <Filter>Source\Lunatic\Lua</Filter>
    </ClCompile>
    <ClCompile Include="..\..\..\Libs\Lunatic\Lua\Raw\src\lgc.c">
      <Filter>Source\Lunatic\Lua</Filter>
    </ClCompile>
    <ClCompile Include="..\..\..\Libs\Lunatic\Lua\Raw\src\linit.c">
      <Filter>Source\Lunatic\Lua</Filter>
    </ClCompile>
    <ClCompile Include="..\..\..\Libs\Lunatic\Lua\Raw\src\liolib.c">
      <Filter>Source\Lunatic\Lua</Filter>
    </ClCompile>
    <ClCompile Include="..\..\..\Libs\Lunatic\Lua\Raw\src\llex.c">
      <Filter>Source\Lunatic\Lua</Filter>
    </ClCompile>
    <ClCompile Include="..\..\..\Libs\Lunatic\Lua\Raw\src\lmathlib.c">
      <Filter>Source\Lunatic\Lua</Filter>
    </ClCompile>
    <ClCompile Include="..\..\..\Libs\Lunatic\Lua\Raw\src\lmem.c">
      <Filter>Source\Lunatic\Lua</Filter>
    </ClCompile>
    <ClCompile Include="..\..\..\Libs\Lunatic\Lua\Raw\src\loadlib.c">
      <Filter>Source\Lunatic\Lua</Filter>
    </ClCompile>
    <ClCompile Include="..\..\..\Libs\Lunatic\Lua\Raw\src\lobject.c">
      <Filter>Source\Lunatic\Lua</Filter>
    </ClCompile>
    <ClCompile Include="..\..\..\Libs\Lunatic\Lua\Raw\src\lopcodes.c">
      <Filter>Source\Lunatic\Lua</Filter>
    </ClCompile>
    <ClCompile Include="..\..\..\Libs\Lunatic\Lua\Raw\src\loslib.c">
      <Filter>Source\Lunatic\Lua</Filter>
    </ClCompile>
    <ClCompile Include="..\..\..\Libs\Lunatic\Lua\Raw\src\lparser.c">
      <Filter>Source\Lunatic\Lua</Filter>
    </ClCompile>
    <ClCompile Include="..\..\..\Libs\Lunatic\Lua\Raw\src\lstate.c">
      <Filter>Source\Lunatic\Lua</Filter>
    </ClCompile>
    <ClCompile Include="..\..\..\Libs\Lunatic\Lua\Raw\src\lstring.c">
      <Filter>Source\Lunatic\Lua</Filter>
    </ClCompile>
    <ClCompile Include="..\..\..\Libs\Lunatic\Lua\Raw\src\lstrlib.c">
      <Filter>Source\Lunatic\Lua</Filter>
    </ClCompile>
    <ClCompile Include="..\..\..\Libs\Lunatic\Lua\Raw\src\ltable.c">
      <Filter>Source\Lunatic\Lua</Filter>
    </ClCompile>
    <ClCompile Include="..\..\..\Libs\Lunatic\Lua\Raw\src\ltablib.c">
      <Filter>Source\Lunatic\Lua</Filter>
    </ClCompile>
    <ClCompile Include="..\..\..\Libs\Lunatic\Lua\Raw\src\ltm.c">
      <Filter>Source\Lunatic\Lua</Filter>
    </ClCompile>
    <ClCompile Include="..\..\..\Libs\Lunatic\Lua\Raw\src\lundump.c">
      <Filter>Source\Lunatic\Lua</Filter>
    </ClCompile>
    <ClCompile Include="..\..\..\Libs\Lunatic\Lua\Raw\src\lutf8lib.c">
      <Filter>Source\Lunatic\Lua</Filter>
    </ClCompile>
    <ClCompile Include="..\..\..\Libs\Lunatic\Lua\Raw\src\lvm.c">
      <Filter>Source\Lunatic\Lua</Filter>
    </ClCompile>
    <ClCompile Include="..\..\..\Libs\Lunatic\Lua\Raw\src\lzio.c">
      <Filter>Source\Lunatic\Lua</Filter>
    </ClCompile>
    <ClCompile Include="..\..\..\Libs\Lunatic\Lunatic.cpp">
      <Filter>Source\Lunatic</Filter>
    </ClCompile>
    <ClCompile Include="..\..\..\Libs\Kthura\Source\Kthura_Compiler.cpp">
      <Filter>Source\Kthura</Filter>
    </ClCompile>
    <ClCompile Include="..\..\..\Libs\Kthura\Source\Kthura_Core.cpp">
      <Filter>Source\Kthura</Filter>
    </ClCompile>
    <ClCompile Include="..\..\..\Libs\Kthura\Source\Kthura_Draw.cpp">
      <Filter>Source\Kthura</Filter>
    </ClCompile>
    <ClCompile Include="..\..\..\Libs\Kthura\Source\Kthura_Draw_TQSG.cpp">
      <Filter>Source\Kthura</Filter>
    </ClCompile>
    <ClCompile Include="..\..\..\Libs\Kthura\Source\Kthura_LoadCompiled.cpp">
      <Filter>Source\Kthura</Filter>
    </ClCompile>
    <ClCompile Include="..\..\..\Libs\Kthura\Source\Kthura_Walk_Dijkstra.cpp">
      <Filter>Source\Kthura</Filter>
    </ClCompile>
    <ClCompile Include="API\API_Audio.cpp">
      <Filter>Source\SCI_API</Filter>
    </ClCompile>
    <ClCompile Include="API\API_Bank.cpp">
      <Filter>Source\SCI_API</Filter>
    </ClCompile>
    <ClCompile Include="API\API_BlopPlasma.cpp">
      <Filter>Source\SCI_API</Filter>
    </ClCompile>
    <ClCompile Include="API\API_DebugConsole.cpp">
      <Filter>Source\SCI_API</Filter>
    </ClCompile>
    <ClCompile Include="API\API_Events.cpp">
      <Filter>Source\SCI_API</Filter>
    </ClCompile>
    <ClCompile Include="API\API_GINIE.cpp">
      <Filter>Source\SCI_API</Filter>
    </ClCompile>
    <ClCompile Include="API\API_Graphics.cpp">
      <Filter>Source\SCI_API</Filter>
    </ClCompile>
    <ClCompile Include="API\API_InterState.cpp">
      <Filter>Source\SCI_API</Filter>
    </ClCompile>
    <ClCompile Include="API\API_JCR.cpp">
      <Filter>Source\SCI_API</Filter>
    </ClCompile>
    <ClCompile Include="API\API_Kthura.cpp">
      <Filter>Source\SCI_API</Filter>
    </ClCompile>
    <ClCompile Include="API\API_Medals.cpp">
      <Filter>Source\SCI_API</Filter>
    </ClCompile>
    <ClCompile Include="API\API_Random.cpp">
      <Filter>Source\SCI_API</Filter>
    </ClCompile>
    <ClCompile Include="API\API_RealFile.cpp">
      <Filter>Source\SCI_API</Filter>
    </ClCompile>
    <ClCompile Include="API\API_SGFile.cpp">
      <Filter>Source\SCI_API</Filter>
    </ClCompile>
    <ClCompile Include="API\API_SGJCR.cpp">
      <Filter>Source\SCI_API</Filter>
    </ClCompile>
    <ClCompile Include="API\API_Statistician.cpp">
      <Filter>Source\SCI_API</Filter>
    </ClCompile>
    <ClCompile Include="API\API_String.cpp">
      <Filter>Source\SCI_API</Filter>
    </ClCompile>
    <ClCompile Include="API\API_Vars.cpp">
      <Filter>Source\SCI_API</Filter>
    </ClCompile>
    <ClCompile Include="..\..\..\Libs\Statistician\Statistician.cpp">
      <Filter>Source\Statistician</Filter>
    </ClCompile>
    <ClCompile Include="..\..\..\Libs\Statistician\Statistician_LoadJCR6.cpp">
      <Filter>Source\Statistician</Filter>
    </ClCompile>
    <ClCompile Include="..\..\..\Libs\Statistician\Statistician_SaveJCR6.cpp">
      <Filter>Source\Statistician</Filter>
    </ClCompile>
    <ClCompile Include="..\..\..\Libs\Medals\Medals.cpp">
      <Filter>Source\Medals</Filter>
    </ClCompile>
    <ClCompile Include="..\..\..\Libs\Units\Source\SlyvVecStringSaver.cpp">
      <Filter>Source\Units</Filter>
    </ClCompile>
    <ClCompile Include="..\..\..\Libs\Units\Source\SlyvRequestFile.cpp">
      <Filter>Source\Units</Filter>
    </ClCompile>
    <ClCompile Include="SCI_Run.cpp">
      <Filter>Source\SCI_Run</Filter>
    </ClCompile>
    <ClCompile Include="..\..\..\Libs\Units\Source\SlyvArgParse.cpp">
      <Filter>Source\Units</Filter>
    </ClCompile>
    <ClCompile Include="..\..\..\Libs\Units\Source\SlyvWindows.cpp">
      <Filter>Source\Units</Filter>
    </ClCompile>
  </ItemGroup>
  <ItemGroup>
    <ResourceCompile Include="SCI_Run.rc">
      <Filter>Source\SCI_Run</Filter>
    </ResourceCompile>
  </ItemGroup>
  <ItemGroup>
    <Library Include="..\..\..\Libs\TQSL\SDL2\SDL2.lib">
      <Filter>Libraries\Static</Filter>
    </Library>
    <Library Include="..\..\..\Libs\TQSL\SDL2\SDL2_image.lib">
      <Filter>Libraries\Static</Filter>
    </Library>
    <Library Include="..\..\..\Libs\TQSL\SDL2\SDL2_mixer.lib">
      <Filter>Libraries\Static</Filter>
    </Library>
    <Library Include="..\..\..\Libs\TQSL\SDL2\SDL2main.lib">
      <Filter>Libraries\Static</Filter>
    </Library>
    <Library Include="..\..\..\Libs\JCR6\3rdParty\zlib\zlibstatic.lib">
      <Filter>Libraries\Static</Filter>
    </Library>
  </ItemGroup>
  <ItemGroup>
    <None Include="..\..\..\Libs\TQSL\SDL2\libjpeg-9.dll">
      <Filter>Libraries\Dynamic</Filter>
    </None>
    <None Include="..\..\..\Libs\TQSL\SDL2\libmodplug-1.dll">
      <Filter>Libraries\Dynamic</Filter>
    </None>
    <None Include="..\..\..\Libs\TQSL\SDL2\libmpg123-0.dll">
      <Filter>Libraries\Dynamic</Filter>
    </None>
    <None Include="..\..\..\Libs\TQSL\SDL2\libogg-0.dll">
      <Filter>Libraries\Dynamic</Filter>
    </None>
    <None Include="..\..\..\Libs\TQSL\SDL2\libopus-0.dll">
      <Filter>Libraries\Dynamic</Filter>
    </None>
    <None Include="..\..\..\Libs\TQSL\SDL2\libopusfile-0.dll">
      <Filter>Libraries\Dynamic</Filter>
    </None>
    <None Include="..\..\..\Libs\TQSL\SDL2\libpng16-16.dll">
      <Filter>Libraries\Dynamic</Filter>
    </None>
    <None Include="..\..\..\Libs\TQSL\SDL2\libtiff-5.dll">
      <Filter>Libraries\Dynamic</Filter>
    </None>
    <None Include="..\..\..\Libs\TQSL\SDL2\libvorbis-0.dll">
      <Filter>Libraries\Dynamic</Filter>
    </None>
    <None Include="..\..\..\Libs\TQSL\SDL2\libvorbisfile-3.dll">
      <Filter>Libraries\Dynamic</Filter>
    </None>
    <None Include="..\..\..\Libs\TQSL\SDL2\libwebp-7.dll">
      <Filter>Libraries\Dynamic</Filter>
    </None>
    <None Include="..\..\..\Libs\TQSL\SDL2\SDL2.dll">
      <Filter>Libraries\Dynamic</Filter>
    </None>
    <None Include="..\..\..\Libs\TQSL\SDL2\SDL2_image.dll">
      <Filter>Libraries\Dynamic</Filter>
    </None>
    <None Include="..\..\..\Libs\TQSL\SDL2\SDL2_mixer.dll">
      <Filter>Libraries\Dynamic</Filter>
    </None>
    <None Include="..\..\..\Libs\TQSL\SDL2\zlib1.dll">
      <Filter>Libraries\Dynamic</Filter>
    </None>
  </ItemGroup>
  <ItemGroup>
    <CopyFileToFolders Include="..\..\..\Libs\TQSL\SDL2\libFLAC-8.dll">
      <Filter>Libraries\Dynamic</Filter>
    </CopyFileToFolders>
  </ItemGroup>
</Project>