<?xml version="1.0" encoding="utf-8"?>
<Project ToolsVersion="4.0" xmlns="http://schemas.microsoft.com/developer/msbuild/2003">
  <ItemGroup>
    <Filter Include="Source Files">
      <UniqueIdentifier>{4FC737F1-C7A5-4376-A066-2A32D752A2FF}</UniqueIdentifier>
      <Extensions>cpp;c;cc;cxx;c++;cppm;ixx;def;odl;idl;hpj;bat;asm;asmx</Extensions>
    </Filter>
    <Filter Include="Header Files">
      <UniqueIdentifier>{93995380-89BD-4b04-88EB-625FBE52EBFB}</UniqueIdentifier>
      <Extensions>h;hh;hpp;hxx;h++;hm;inl;inc;ipp;xsd</Extensions>
    </Filter>
    <Filter Include="Resource Files">
      <UniqueIdentifier>{67DA6AB6-F800-4c08-8B7A-83BB121AAD01}</UniqueIdentifier>
      <Extensions>rc;ico;cur;bmp;dlg;rc2;rct;bin;rgs;gif;jpg;jpeg;jpe;resx;tiff;tif;png;wav;mfcribbon-ms</Extensions>
    </Filter>
    <Filter Include="Header Files\Shared">
      <UniqueIdentifier>{bdaae159-4192-4f91-a6de-c0ff94e59db0}</UniqueIdentifier>
    </Filter>
    <Filter Include="Source Files\Slyvina">
      <UniqueIdentifier>{53757b8b-405e-4376-a01f-9c5b0e7c8a65}</UniqueIdentifier>
    </Filter>
    <Filter Include="Source Files\Slyvina\Units">
      <UniqueIdentifier>{be9be374-7182-4a97-85ad-c1c5c6dce688}</UniqueIdentifier>
    </Filter>
    <Filter Include="Header Files\Slyvina">
      <UniqueIdentifier>{42f450f4-7046-4989-8474-f282d51ddd8a}</UniqueIdentifier>
    </Filter>
    <Filter Include="Header Files\Slyvina\Units">
      <UniqueIdentifier>{c588292d-7fcc-4a45-b9fa-88180a77884e}</UniqueIdentifier>
    </Filter>
    <Filter Include="Source Files\Shared">
      <UniqueIdentifier>{70642a40-a43e-4e13-8399-9e10c7a80a42}</UniqueIdentifier>
    </Filter>
  </ItemGroup>
  <ItemGroup>
    <ClCompile Include="SCI_Run.cpp">
      <Filter>Source Files</Filter>
    </ClCompile>
    <ClCompile Include="..\..\..\Libs\Units\Source\SlyvArgParse.cpp">
      <Filter>Source Files\Slyvina\Units</Filter>
    </ClCompile>
    <ClCompile Include="..\..\..\Libs\Units\Source\SlyvAsk.cpp">
      <Filter>Source Files\Slyvina\Units</Filter>
    </ClCompile>
    <ClCompile Include="..\..\..\Libs\Units\Source\SlyvBank.cpp">
      <Filter>Source Files\Slyvina\Units</Filter>
    </ClCompile>
    <ClCompile Include="..\..\..\Libs\Units\Source\SlyvDir.cpp">
      <Filter>Source Files\Slyvina\Units</Filter>
    </ClCompile>
    <ClCompile Include="..\..\..\Libs\Units\Source\SlyvMD5.cpp">
      <Filter>Source Files\Slyvina\Units</Filter>
    </ClCompile>
    <ClCompile Include="..\..\..\Libs\Units\Source\SlyvQCol.cpp">
      <Filter>Source Files\Slyvina\Units</Filter>
    </ClCompile>
    <ClCompile Include="..\..\..\Libs\Units\Source\SlyvRequestFile.cpp">
      <Filter>Source Files\Slyvina\Units</Filter>
    </ClCompile>
    <ClCompile Include="..\..\..\Libs\Units\Source\SlyvSTOI.cpp">
      <Filter>Source Files\Slyvina\Units</Filter>
    </ClCompile>
    <ClCompile Include="..\..\..\Libs\Units\Source\SlyvStream.cpp">
      <Filter>Source Files\Slyvina\Units</Filter>
    </ClCompile>
    <ClCompile Include="..\..\..\Libs\Units\Source\SlyvString.cpp">
      <Filter>Source Files\Slyvina\Units</Filter>
    </ClCompile>
    <ClCompile Include="..\..\..\Libs\Units\Source\SlyvTime.cpp">
      <Filter>Source Files\Slyvina\Units</Filter>
    </ClCompile>
    <ClCompile Include="..\..\..\Libs\Units\Source\SlyvVolumes.cpp">
      <Filter>Source Files\Slyvina\Units</Filter>
    </ClCompile>
    <ClCompile Include="SCI_Config.cpp">
      <Filter>Source Files</Filter>
    </ClCompile>
    <ClCompile Include="..\..\..\Libs\Units\Source\SlyvDirry.cpp">
      <Filter>Source Files\Slyvina\Units</Filter>
    </ClCompile>
    <ClCompile Include="..\SCI_Share\SCI_GlobalConfig.cpp">
      <Filter>Source Files\Shared</Filter>
    </ClCompile>
  </ItemGroup>
  <ItemGroup>
    <ClInclude Include="..\SCI_Share\Version.hpp">
      <Filter>Header Files\Shared</Filter>
    </ClInclude>
    <ClInclude Include="..\SCI_Share\SCI_Header.hpp">
      <Filter>Header Files\Shared</Filter>
    </ClInclude>
    <ClInclude Include="SCI_Config.hpp">
      <Filter>Header Files</Filter>
    </ClInclude>
    <ClInclude Include="..\..\..\Libs\Units\Headers\SlyvDirry.hpp">
      <Filter>Header Files\Slyvina\Units</Filter>
    </ClInclude>
    <ClInclude Include="..\SCI_Share\SCI_GlobalConfig.hpp">
      <Filter>Header Files\Shared</Filter>
    </ClInclude>
    <ClInclude Include="..\..\..\Libs\Units\Headers\SlyvArgParse.hpp">
      <Filter>Header Files\Slyvina\Units</Filter>
    </ClInclude>
    <ClInclude Include="..\..\..\Libs\Units\Headers\SlyvAsk.hpp">
      <Filter>Header Files\Slyvina\Units</Filter>
    </ClInclude>
    <ClInclude Include="..\..\..\Libs\Units\Headers\SlyvBank.hpp">
      <Filter>Header Files\Slyvina\Units</Filter>
    </ClInclude>
    <ClInclude Include="..\..\..\Libs\Units\Headers\SlyvConInput.hpp">
      <Filter>Header Files\Slyvina\Units</Filter>
    </ClInclude>
    <ClInclude Include="..\..\..\Libs\Units\Headers\SlyvDir.hpp">
      <Filter>Header Files\Slyvina\Units</Filter>
    </ClInclude>
    <ClInclude Include="..\..\..\Libs\Units\Headers\SlyvEndian.hpp">
      <Filter>Header Files\Slyvina\Units</Filter>
    </ClInclude>
    <ClInclude Include="..\..\..\Libs\Units\Headers\SlyvGINIE.hpp">
      <Filter>Header Files\Slyvina\Units</Filter>
    </ClInclude>
    <ClInclude Include="..\..\..\Libs\Units\Headers\SlyvHSVRGB.hpp">
      <Filter>Header Files\Slyvina\Units</Filter>
    </ClInclude>
    <ClInclude Include="..\..\..\Libs\Units\Headers\Slyvina.hpp">
      <Filter>Header Files\Slyvina\Units</Filter>
    </ClInclude>
    <ClInclude Include="..\..\..\Libs\Units\Headers\SlyvMD5.hpp">
      <Filter>Header Files\Slyvina\Units</Filter>
    </ClInclude>
    <ClInclude Include="..\..\..\Libs\Units\Headers\SlyvQCol.hpp">
      <Filter>Header Files\Slyvina\Units</Filter>
    </ClInclude>
    <ClInclude Include="..\..\..\Libs\Units\Headers\SlyvRandom.hpp">
      <Filter>Header Files\Slyvina\Units</Filter>
    </ClInclude>
    <ClInclude Include="..\..\..\Libs\Units\Headers\SlyvRequestFile.hpp">
      <Filter>Header Files\Slyvina\Units</Filter>
    </ClInclude>
    <ClInclude Include="..\..\..\Libs\Units\Headers\SlyvSTOI.hpp">
      <Filter>Header Files\Slyvina\Units</Filter>
    </ClInclude>
    <ClInclude Include="..\..\..\Libs\Units\Headers\SlyvStream.hpp">
      <Filter>Header Files\Slyvina\Units</Filter>
    </ClInclude>
    <ClInclude Include="..\..\..\Libs\Units\Headers\SlyvString.hpp">
      <Filter>Header Files\Slyvina\Units</Filter>
    </ClInclude>
    <ClInclude Include="..\..\..\Libs\Units\Headers\SlyvTime.hpp">
      <Filter>Header Files\Slyvina\Units</Filter>
    </ClInclude>
    <ClInclude Include="..\..\..\Libs\Units\Headers\SlyvVecSearch.hpp">
      <Filter>Header Files\Slyvina\Units</Filter>
    </ClInclude>
    <ClInclude Include="..\..\..\Libs\Units\Headers\SlyvVolumes.hpp">
      <Filter>Header Files\Slyvina\Units</Filter>
    </ClInclude>
  </ItemGroup>
</Project>