<?xml version="1.0" encoding="UTF-8" standalone="yes" ?>
<CodeBlocks_project_file>
	<FileVersion major="1" minor="6" />
	<Project>
		<Option title="SCI_Run" />
		<Option pch_mode="2" />
		<Option compiler="gcc" />
		<Build>
			<Target title="Debug">
				<Option output="bin/Debug/SCI_Run" prefix_auto="1" extension_auto="1" />
				<Option object_output="obj/Debug/SCI_Run" />
				<Option type="1" />
				<Option compiler="gcc" />
				<Compiler>
					<Add option="-g" />
				</Compiler>
			</Target>
			<Target title="Release">
				<Option output="../SCI_Exe/SCI_Run" prefix_auto="1" extension_auto="1" />
				<Option object_output="obj/Release/" />
				<Option type="0" />
				<Option compiler="gcc" />
				<Compiler>
					<Add option="-O2" />
				</Compiler>
				<Linker>
					<Add option="-s" />
				</Linker>
			</Target>
		</Build>
		<Compiler>
			<Add option="`sdl2-config --cflags`" />
			<Add option="-Wall" />
		</Compiler>
		<Linker>
			<Add option="`sdl2-config --libs`" />
		</Linker>
		<Unit filename="../../../Libs/JCR6/3rdParty/zlib/src/adler32.c">
			<Option compilerVar="CC" />
		</Unit>
		<Unit filename="../../../Libs/JCR6/3rdParty/zlib/src/compress.c">
			<Option compilerVar="CC" />
		</Unit>
		<Unit filename="../../../Libs/JCR6/3rdParty/zlib/src/crc32.c">
			<Option compilerVar="CC" />
		</Unit>
		<Unit filename="../../../Libs/JCR6/3rdParty/zlib/src/crc32.h" />
		<Unit filename="../../../Libs/JCR6/3rdParty/zlib/src/deflate.c">
			<Option compilerVar="CC" />
		</Unit>
		<Unit filename="../../../Libs/JCR6/3rdParty/zlib/src/deflate.h" />
		<Unit filename="../../../Libs/JCR6/3rdParty/zlib/src/gzclose.c">
			<Option compilerVar="CC" />
		</Unit>
		<Unit filename="../../../Libs/JCR6/3rdParty/zlib/src/gzguts.h" />
		<Unit filename="../../../Libs/JCR6/3rdParty/zlib/src/gzlib.c">
			<Option compilerVar="CC" />
		</Unit>
		<Unit filename="../../../Libs/JCR6/3rdParty/zlib/src/gzread.c">
			<Option compilerVar="CC" />
		</Unit>
		<Unit filename="../../../Libs/JCR6/3rdParty/zlib/src/gzwrite.c">
			<Option compilerVar="CC" />
		</Unit>
		<Unit filename="../../../Libs/JCR6/3rdParty/zlib/src/infback.c">
			<Option compilerVar="CC" />
		</Unit>
		<Unit filename="../../../Libs/JCR6/3rdParty/zlib/src/inffast.c">
			<Option compilerVar="CC" />
		</Unit>
		<Unit filename="../../../Libs/JCR6/3rdParty/zlib/src/inffast.h" />
		<Unit filename="../../../Libs/JCR6/3rdParty/zlib/src/inffixed.h" />
		<Unit filename="../../../Libs/JCR6/3rdParty/zlib/src/inflate.c">
			<Option compilerVar="CC" />
		</Unit>
		<Unit filename="../../../Libs/JCR6/3rdParty/zlib/src/inflate.h" />
		<Unit filename="../../../Libs/JCR6/3rdParty/zlib/src/inftrees.c">
			<Option compilerVar="CC" />
		</Unit>
		<Unit filename="../../../Libs/JCR6/3rdParty/zlib/src/inftrees.h" />
		<Unit filename="../../../Libs/JCR6/3rdParty/zlib/src/trees.c">
			<Option compilerVar="CC" />
		</Unit>
		<Unit filename="../../../Libs/JCR6/3rdParty/zlib/src/trees.h" />
		<Unit filename="../../../Libs/JCR6/3rdParty/zlib/src/uncompr.c">
			<Option compilerVar="CC" />
		</Unit>
		<Unit filename="../../../Libs/JCR6/3rdParty/zlib/src/zconf.h" />
		<Unit filename="../../../Libs/JCR6/3rdParty/zlib/src/zlib.h" />
		<Unit filename="../../../Libs/JCR6/3rdParty/zlib/src/zutil.c">
			<Option compilerVar="CC" />
		</Unit>
		<Unit filename="../../../Libs/JCR6/3rdParty/zlib/src/zutil.h" />
		<Unit filename="../../../Libs/JCR6/Source/JCR6_Core.cpp" />
		<Unit filename="../../../Libs/JCR6/Source/JCR6_JQL.cpp" />
		<Unit filename="../../../Libs/JCR6/Source/JCR6_RealDir.cpp" />
		<Unit filename="../../../Libs/JCR6/Source/JCR6_Write.cpp" />
		<Unit filename="../../../Libs/JCR6/Source/JCR6_zlib.cpp" />
		<Unit filename="../../../Libs/Kthura/Source/Kthura_Core.cpp" />
		<Unit filename="../../../Libs/Kthura/Source/Kthura_Draw.cpp" />
		<Unit filename="../../../Libs/Kthura/Source/Kthura_Draw_TQSG.cpp" />
		<Unit filename="../../../Libs/Kthura/Source/Kthura_LoadCompiled.cpp" />
		<Unit filename="../../../Libs/Kthura/Source/Kthura_Walk_Dijkstra.cpp" />
		<Unit filename="../../../Libs/Lunatic/Lua/Raw/src/lapi.c">
			<Option compilerVar="CC" />
		</Unit>
		<Unit filename="../../../Libs/Lunatic/Lua/Raw/src/lapi.h" />
		<Unit filename="../../../Libs/Lunatic/Lua/Raw/src/lauxlib.c">
			<Option compilerVar="CC" />
		</Unit>
		<Unit filename="../../../Libs/Lunatic/Lua/Raw/src/lauxlib.h" />
		<Unit filename="../../../Libs/Lunatic/Lua/Raw/src/lbaselib.c">
			<Option compilerVar="CC" />
		</Unit>
		<Unit filename="../../../Libs/Lunatic/Lua/Raw/src/lcode.c">
			<Option compilerVar="CC" />
		</Unit>
		<Unit filename="../../../Libs/Lunatic/Lua/Raw/src/lcode.h" />
		<Unit filename="../../../Libs/Lunatic/Lua/Raw/src/lcorolib.c">
			<Option compilerVar="CC" />
		</Unit>
		<Unit filename="../../../Libs/Lunatic/Lua/Raw/src/lctype.c">
			<Option compilerVar="CC" />
		</Unit>
		<Unit filename="../../../Libs/Lunatic/Lua/Raw/src/lctype.h" />
		<Unit filename="../../../Libs/Lunatic/Lua/Raw/src/ldblib.c">
			<Option compilerVar="CC" />
		</Unit>
		<Unit filename="../../../Libs/Lunatic/Lua/Raw/src/ldebug.c">
			<Option compilerVar="CC" />
		</Unit>
		<Unit filename="../../../Libs/Lunatic/Lua/Raw/src/ldebug.h" />
		<Unit filename="../../../Libs/Lunatic/Lua/Raw/src/ldo.c">
			<Option compilerVar="CC" />
		</Unit>
		<Unit filename="../../../Libs/Lunatic/Lua/Raw/src/ldo.h" />
		<Unit filename="../../../Libs/Lunatic/Lua/Raw/src/ldump.c">
			<Option compilerVar="CC" />
		</Unit>
		<Unit filename="../../../Libs/Lunatic/Lua/Raw/src/lfunc.c">
			<Option compilerVar="CC" />
		</Unit>
		<Unit filename="../../../Libs/Lunatic/Lua/Raw/src/lfunc.h" />
		<Unit filename="../../../Libs/Lunatic/Lua/Raw/src/lgc.c">
			<Option compilerVar="CC" />
		</Unit>
		<Unit filename="../../../Libs/Lunatic/Lua/Raw/src/lgc.h" />
		<Unit filename="../../../Libs/Lunatic/Lua/Raw/src/linit.c">
			<Option compilerVar="CC" />
		</Unit>
		<Unit filename="../../../Libs/Lunatic/Lua/Raw/src/liolib.c">
			<Option compilerVar="CC" />
		</Unit>
		<Unit filename="../../../Libs/Lunatic/Lua/Raw/src/ljumptab.h" />
		<Unit filename="../../../Libs/Lunatic/Lua/Raw/src/llex.c">
			<Option compilerVar="CC" />
		</Unit>
		<Unit filename="../../../Libs/Lunatic/Lua/Raw/src/llex.h" />
		<Unit filename="../../../Libs/Lunatic/Lua/Raw/src/llimits.h" />
		<Unit filename="../../../Libs/Lunatic/Lua/Raw/src/lmathlib.c">
			<Option compilerVar="CC" />
		</Unit>
		<Unit filename="../../../Libs/Lunatic/Lua/Raw/src/lmem.c">
			<Option compilerVar="CC" />
		</Unit>
		<Unit filename="../../../Libs/Lunatic/Lua/Raw/src/lmem.h" />
		<Unit filename="../../../Libs/Lunatic/Lua/Raw/src/loadlib.c">
			<Option compilerVar="CC" />
		</Unit>
		<Unit filename="../../../Libs/Lunatic/Lua/Raw/src/lobject.c">
			<Option compilerVar="CC" />
		</Unit>
		<Unit filename="../../../Libs/Lunatic/Lua/Raw/src/lobject.h" />
		<Unit filename="../../../Libs/Lunatic/Lua/Raw/src/lopcodes.c">
			<Option compilerVar="CC" />
		</Unit>
		<Unit filename="../../../Libs/Lunatic/Lua/Raw/src/lopcodes.h" />
		<Unit filename="../../../Libs/Lunatic/Lua/Raw/src/lopnames.h" />
		<Unit filename="../../../Libs/Lunatic/Lua/Raw/src/loslib.c">
			<Option compilerVar="CC" />
		</Unit>
		<Unit filename="../../../Libs/Lunatic/Lua/Raw/src/lparser.c">
			<Option compilerVar="CC" />
		</Unit>
		<Unit filename="../../../Libs/Lunatic/Lua/Raw/src/lparser.h" />
		<Unit filename="../../../Libs/Lunatic/Lua/Raw/src/lprefix.h" />
		<Unit filename="../../../Libs/Lunatic/Lua/Raw/src/lstate.c">
			<Option compilerVar="CC" />
		</Unit>
		<Unit filename="../../../Libs/Lunatic/Lua/Raw/src/lstate.h" />
		<Unit filename="../../../Libs/Lunatic/Lua/Raw/src/lstring.c">
			<Option compilerVar="CC" />
		</Unit>
		<Unit filename="../../../Libs/Lunatic/Lua/Raw/src/lstring.h" />
		<Unit filename="../../../Libs/Lunatic/Lua/Raw/src/lstrlib.c">
			<Option compilerVar="CC" />
		</Unit>
		<Unit filename="../../../Libs/Lunatic/Lua/Raw/src/ltable.c">
			<Option compilerVar="CC" />
		</Unit>
		<Unit filename="../../../Libs/Lunatic/Lua/Raw/src/ltable.h" />
		<Unit filename="../../../Libs/Lunatic/Lua/Raw/src/ltablib.c">
			<Option compilerVar="CC" />
		</Unit>
		<Unit filename="../../../Libs/Lunatic/Lua/Raw/src/ltm.c">
			<Option compilerVar="CC" />
		</Unit>
		<Unit filename="../../../Libs/Lunatic/Lua/Raw/src/ltm.h" />
		<Unit filename="../../../Libs/Lunatic/Lua/Raw/src/lua.h" />
		<Unit filename="../../../Libs/Lunatic/Lua/Raw/src/lua.hpp" />
		<Unit filename="../../../Libs/Lunatic/Lua/Raw/src/luaconf.h" />
		<Unit filename="../../../Libs/Lunatic/Lua/Raw/src/lualib.h" />
		<Unit filename="../../../Libs/Lunatic/Lua/Raw/src/lundump.c">
			<Option compilerVar="CC" />
		</Unit>
		<Unit filename="../../../Libs/Lunatic/Lua/Raw/src/lundump.h" />
		<Unit filename="../../../Libs/Lunatic/Lua/Raw/src/lutf8lib.c">
			<Option compilerVar="CC" />
		</Unit>
		<Unit filename="../../../Libs/Lunatic/Lua/Raw/src/lvm.c">
			<Option compilerVar="CC" />
		</Unit>
		<Unit filename="../../../Libs/Lunatic/Lua/Raw/src/lvm.h" />
		<Unit filename="../../../Libs/Lunatic/Lua/Raw/src/lzio.c">
			<Option compilerVar="CC" />
		</Unit>
		<Unit filename="../../../Libs/Lunatic/Lua/Raw/src/lzio.h" />
		<Unit filename="../../../Libs/Lunatic/Lunatic.cpp" />
		<Unit filename="../../../Libs/Lunatic/Lunatic.hpp" />
		<Unit filename="../../../Libs/Medals/Medals.cpp" />
		<Unit filename="../../../Libs/Medals/Medals.hpp" />
		<Unit filename="../../../Libs/Statistician/Statistician.cpp" />
		<Unit filename="../../../Libs/Statistician/Statistician.hpp" />
		<Unit filename="../../../Libs/Statistician/Statistician_LoadJCR6.cpp" />
		<Unit filename="../../../Libs/Statistician/Statistician_LoadJCR6.hpp" />
		<Unit filename="../../../Libs/Statistician/Statistician_SaveJCR6.cpp" />
		<Unit filename="../../../Libs/Statistician/Statistician_SaveJCR6.hpp" />
		<Unit filename="../../../Libs/TQSL/Headers/TQSA.hpp" />
		<Unit filename="../../../Libs/TQSL/Headers/TQSE.hpp" />
		<Unit filename="../../../Libs/TQSL/Headers/TQSG.hpp" />
		<Unit filename="../../../Libs/TQSL/Headers/TQSG_BlopPlasma.hpp" />
		<Unit filename="../../../Libs/TQSL/Source/TQSA.cpp" />
		<Unit filename="../../../Libs/TQSL/Source/TQSE.cpp" />
		<Unit filename="../../../Libs/TQSL/Source/TQSG.cpp" />
		<Unit filename="../../../Libs/TQSL/Source/TQSG_BlopPlasma.cpp" />
		<Unit filename="../../../Libs/Units/Headers/SlyvString.hpp" />
		<Unit filename="../../../Libs/Units/Source/DieParse.cpp" />
		<Unit filename="../../../Libs/Units/Source/SlyvArgParse.cpp" />
		<Unit filename="../../../Libs/Units/Source/SlyvAsk.cpp" />
		<Unit filename="../../../Libs/Units/Source/SlyvBank.cpp" />
		<Unit filename="../../../Libs/Units/Source/SlyvDijkstra.cpp" />
		<Unit filename="../../../Libs/Units/Source/SlyvDir.cpp" />
		<Unit filename="../../../Libs/Units/Source/SlyvDirry.cpp" />
		<Unit filename="../../../Libs/Units/Source/SlyvMD5.cpp" />
		<Unit filename="../../../Libs/Units/Source/SlyvOpenURL.cpp" />
		<Unit filename="../../../Libs/Units/Source/SlyvQCol.cpp" />
		<Unit filename="../../../Libs/Units/Source/SlyvSTOI.cpp" />
		<Unit filename="../../../Libs/Units/Source/SlyvStream.cpp" />
		<Unit filename="../../../Libs/Units/Source/SlyvString.cpp" />
		<Unit filename="../../../Libs/Units/Source/SlyvTime.cpp" />
		<Unit filename="../../../Libs/Units/Source/SlyvVecStringSaver.cpp" />
		<Unit filename="../../../Libs/Units/Source/SlyvVolumes.cpp" />
		<Unit filename="../../../Libs/Units/Source/SlyvWindows.cpp" />
		<Unit filename="../SCI_Share/SCI_GlobalConfig.cpp" />
		<Unit filename="../SCI_Share/SCI_GlobalConfig.hpp" />
		<Unit filename="../SCI_Share/SCI_Header.hpp" />
		<Unit filename="../SCI_Share/Version.hpp" />
		<Unit filename="API/API_Audio.cpp" />
		<Unit filename="API/API_Bank.cpp" />
		<Unit filename="API/API_Bank.hpp" />
		<Unit filename="API/API_BlopPlasma.cpp" />
		<Unit filename="API/API_DebugConsole.cpp" />
		<Unit filename="API/API_DebugConsole.hpp" />
		<Unit filename="API/API_Events.cpp" />
		<Unit filename="API/API_GINIE.cpp" />
		<Unit filename="API/API_Graphics.cpp" />
		<Unit filename="API/API_InterState.cpp" />
		<Unit filename="API/API_JCR.cpp" />
		<Unit filename="API/API_Kthura.cpp" />
		<Unit filename="API/API_Medals.cpp" />
		<Unit filename="API/API_Random.cpp" />
		<Unit filename="API/API_RealFile.cpp" />
		<Unit filename="API/API_SGFile.cpp" />
		<Unit filename="API/API_SGJCR.cpp" />
		<Unit filename="API/API_SGJCR_Enum.hpp" />
		<Unit filename="API/API_Statistician.cpp" />
		<Unit filename="API/API_String.cpp" />
		<Unit filename="API/API_Vars.cpp" />
		<Unit filename="API/SCI_InstallAPIs.hpp" />
		<Unit filename="SCI_Audio.cpp" />
		<Unit filename="SCI_Audio.hpp" />
		<Unit filename="SCI_Config.cpp" />
		<Unit filename="SCI_Config.hpp" />
		<Unit filename="SCI_Crash.cpp" />
		<Unit filename="SCI_Crash.hpp" />
		<Unit filename="SCI_Graphics.cpp" />
		<Unit filename="SCI_Graphics.hpp" />
		<Unit filename="SCI_JCR.cpp" />
		<Unit filename="SCI_JCR.hpp" />
		<Unit filename="SCI_Kthura.cpp" />
		<Unit filename="SCI_Kthura.hpp" />
		<Unit filename="SCI_Load.cpp" />
		<Unit filename="SCI_Load.hpp" />
		<Unit filename="SCI_Run.cpp" />
		<Unit filename="SCI_Script.cpp" />
		<Unit filename="SCI_Script.hpp" />
		<Extensions>
			<lib_finder>
				<lib name="SDL2_image" />
				<lib name="SDL2_mixer" />
				<lib name="sdl2" />
			</lib_finder>
		</Extensions>
	</Project>
</CodeBlocks_project_file>
