<?xml version="1.0" encoding="utf-8"?>
<Project ToolsVersion="4.0" xmlns="http://schemas.microsoft.com/developer/msbuild/2003">
  <ItemGroup>
    <Filter Include="Source Files">
      <UniqueIdentifier>{4FC737F1-C7A5-4376-A066-2A32D752A2FF}</UniqueIdentifier>
      <Extensions>cpp;c;cc;cxx;c++;cppm;ixx;def;odl;idl;hpj;bat;asm;asmx</Extensions>
    </Filter>
    <Filter Include="Header Files">
      <UniqueIdentifier>{93995380-89BD-4b04-88EB-625FBE52EBFB}</UniqueIdentifier>
      <Extensions>h;hh;hpp;hxx;h++;hm;inl;inc;ipp;xsd</Extensions>
    </Filter>
    <Filter Include="Resource Files">
      <UniqueIdentifier>{67DA6AB6-F800-4c08-8B7A-83BB121AAD01}</UniqueIdentifier>
      <Extensions>rc;ico;cur;bmp;dlg;rc2;rct;bin;rgs;gif;jpg;jpeg;jpe;resx;tiff;tif;png;wav;mfcribbon-ms</Extensions>
    </Filter>
    <Filter Include="Header Files\Shared">
      <UniqueIdentifier>{bdaae159-4192-4f91-a6de-c0ff94e59db0}</UniqueIdentifier>
    </Filter>
    <Filter Include="Source Files\Slyvina">
      <UniqueIdentifier>{53757b8b-405e-4376-a01f-9c5b0e7c8a65}</UniqueIdentifier>
    </Filter>
    <Filter Include="Source Files\Slyvina\Units">
      <UniqueIdentifier>{be9be374-7182-4a97-85ad-c1c5c6dce688}</UniqueIdentifier>
    </Filter>
    <Filter Include="Header Files\Slyvina">
      <UniqueIdentifier>{42f450f4-7046-4989-8474-f282d51ddd8a}</UniqueIdentifier>
    </Filter>
    <Filter Include="Header Files\Slyvina\Units">
      <UniqueIdentifier>{c588292d-7fcc-4a45-b9fa-88180a77884e}</UniqueIdentifier>
    </Filter>
    <Filter Include="Source Files\Shared">
      <UniqueIdentifier>{70642a40-a43e-4e13-8399-9e10c7a80a42}</UniqueIdentifier>
    </Filter>
    <Filter Include="Source Files\Slyvina\JCR6">
      <UniqueIdentifier>{aa8419f0-02c3-4978-98ad-0dcb5eab1b2a}</UniqueIdentifier>
    </Filter>
    <Filter Include="Header Files\Slyvina\Lunatic">
      <UniqueIdentifier>{955375d7-f75b-47ec-9e1e-d1d835d57da9}</UniqueIdentifier>
    </Filter>
    <Filter Include="Header Files\Slyvina\Lunatic\Lua">
      <UniqueIdentifier>{5469828b-0adf-4b94-9a5a-4379d6d82429}</UniqueIdentifier>
    </Filter>
    <Filter Include="Source Files\dll">
      <UniqueIdentifier>{cfc3e7ae-a2b7-45cd-b962-e6023b602f8f}</UniqueIdentifier>
    </Filter>
    <Filter Include="Source Files\Slyvina\TQSL">
      <UniqueIdentifier>{6873403f-321e-4614-ab64-ef54af9620a6}</UniqueIdentifier>
    </Filter>
    <Filter Include="Source Files\Slyvina\Lunatic">
      <UniqueIdentifier>{51d40117-eb7b-4877-bbb9-38d3ff6e0dc2}</UniqueIdentifier>
    </Filter>
    <Filter Include="Source Files\Slyvina\Lunatic\Lua">
      <UniqueIdentifier>{a70b1ae4-2ed5-4a8f-b506-c9ee4bf901e0}</UniqueIdentifier>
    </Filter>
    <Filter Include="Header Files\Slyvina\TQSL">
      <UniqueIdentifier>{e2cdd891-702a-4f69-912e-6728481795b3}</UniqueIdentifier>
    </Filter>
    <Filter Include="Source Files\API">
      <UniqueIdentifier>{6ef76725-92b7-4003-b2aa-b8a2ba0ea2eb}</UniqueIdentifier>
    </Filter>
    <Filter Include="Source Files\Slyvina\Statistician">
      <UniqueIdentifier>{af8e5e92-5c35-44e1-90b9-832ae65b97d6}</UniqueIdentifier>
    </Filter>
    <Filter Include="Header Files\Slyvina\Statistician">
      <UniqueIdentifier>{6f4dda6a-95c6-4b9a-bab8-5b9aac246bcc}</UniqueIdentifier>
    </Filter>
    <Filter Include="Header Files\Slyvina\Kthura">
      <UniqueIdentifier>{e8ba33c7-bfa6-4b3f-bdfb-eceb71c646ee}</UniqueIdentifier>
    </Filter>
    <Filter Include="Source Files\Slyvina\Kthura">
      <UniqueIdentifier>{6d4ef2fa-faf2-4af3-adba-fcb0d66b81e9}</UniqueIdentifier>
    </Filter>
  </ItemGroup>
  <ItemGroup>
    <ClCompile Include="SCI_Run.cpp">
      <Filter>Source Files</Filter>
    </ClCompile>
    <ClCompile Include="..\..\..\Libs\Units\Source\SlyvArgParse.cpp">
      <Filter>Source Files\Slyvina\Units</Filter>
    </ClCompile>
    <ClCompile Include="..\..\..\Libs\Units\Source\SlyvAsk.cpp">
      <Filter>Source Files\Slyvina\Units</Filter>
    </ClCompile>
    <ClCompile Include="..\..\..\Libs\Units\Source\SlyvBank.cpp">
      <Filter>Source Files\Slyvina\Units</Filter>
    </ClCompile>
    <ClCompile Include="..\..\..\Libs\Units\Source\SlyvDir.cpp">
      <Filter>Source Files\Slyvina\Units</Filter>
    </ClCompile>
    <ClCompile Include="..\..\..\Libs\Units\Source\SlyvMD5.cpp">
      <Filter>Source Files\Slyvina\Units</Filter>
    </ClCompile>
    <ClCompile Include="..\..\..\Libs\Units\Source\SlyvQCol.cpp">
      <Filter>Source Files\Slyvina\Units</Filter>
    </ClCompile>
    <ClCompile Include="..\..\..\Libs\Units\Source\SlyvRequestFile.cpp">
      <Filter>Source Files\Slyvina\Units</Filter>
    </ClCompile>
    <ClCompile Include="..\..\..\Libs\Units\Source\SlyvSTOI.cpp">
      <Filter>Source Files\Slyvina\Units</Filter>
    </ClCompile>
    <ClCompile Include="..\..\..\Libs\Units\Source\SlyvStream.cpp">
      <Filter>Source Files\Slyvina\Units</Filter>
    </ClCompile>
    <ClCompile Include="..\..\..\Libs\Units\Source\SlyvString.cpp">
      <Filter>Source Files\Slyvina\Units</Filter>
    </ClCompile>
    <ClCompile Include="..\..\..\Libs\Units\Source\SlyvTime.cpp">
      <Filter>Source Files\Slyvina\Units</Filter>
    </ClCompile>
    <ClCompile Include="..\..\..\Libs\Units\Source\SlyvVolumes.cpp">
      <Filter>Source Files\Slyvina\Units</Filter>
    </ClCompile>
    <ClCompile Include="SCI_Config.cpp">
      <Filter>Source Files</Filter>
    </ClCompile>
    <ClCompile Include="..\..\..\Libs\Units\Source\SlyvDirry.cpp">
      <Filter>Source Files\Slyvina\Units</Filter>
    </ClCompile>
    <ClCompile Include="..\SCI_Share\SCI_GlobalConfig.cpp">
      <Filter>Source Files\Shared</Filter>
    </ClCompile>
    <ClCompile Include="..\..\..\Libs\JCR6\Source\JCR6_Core.cpp">
      <Filter>Source Files\Slyvina\JCR6</Filter>
    </ClCompile>
    <ClCompile Include="..\..\..\Libs\JCR6\Source\JCR6_JQL.cpp">
      <Filter>Source Files\Slyvina\JCR6</Filter>
    </ClCompile>
    <ClCompile Include="..\..\..\Libs\JCR6\Source\JCR6_RealDir.cpp">
      <Filter>Source Files\Slyvina\JCR6</Filter>
    </ClCompile>
    <ClCompile Include="..\..\..\Libs\JCR6\Source\JCR6_Write.cpp">
      <Filter>Source Files\Slyvina\JCR6</Filter>
    </ClCompile>
    <ClCompile Include="SCI_JCR.cpp">
      <Filter>Source Files</Filter>
    </ClCompile>
    <ClCompile Include="..\..\..\Libs\JCR6\Source\JCR6_zlib.cpp">
      <Filter>Source Files\Slyvina\JCR6</Filter>
    </ClCompile>
    <ClCompile Include="..\..\..\Libs\TQSL\Source\TQSA.cpp">
      <Filter>Source Files\Slyvina\TQSL</Filter>
    </ClCompile>
    <ClCompile Include="..\..\..\Libs\TQSL\Source\TQSE.cpp">
      <Filter>Source Files\Slyvina\TQSL</Filter>
    </ClCompile>
    <ClCompile Include="..\..\..\Libs\TQSL\Source\TQSG.cpp">
      <Filter>Source Files\Slyvina\TQSL</Filter>
    </ClCompile>
    <ClCompile Include="SCI_Crash.cpp">
      <Filter>Source Files</Filter>
    </ClCompile>
    <ClCompile Include="SCI_Graphics.cpp">
      <Filter>Source Files</Filter>
    </ClCompile>
    <ClCompile Include="SCI_Load.cpp">
      <Filter>Source Files</Filter>
    </ClCompile>
    <ClCompile Include="SCI_Script.cpp">
      <Filter>Source Files</Filter>
    </ClCompile>
    <ClCompile Include="..\..\..\Libs\Lunatic\Lunatic.cpp">
      <Filter>Source Files\Slyvina\Lunatic</Filter>
    </ClCompile>
    <ClCompile Include="..\..\..\Libs\Lunatic\Lua\Raw\src\lapi.c">
      <Filter>Source Files\Slyvina\Lunatic\Lua</Filter>
    </ClCompile>
    <ClCompile Include="..\..\..\Libs\Lunatic\Lua\Raw\src\lauxlib.c">
      <Filter>Source Files\Slyvina\Lunatic\Lua</Filter>
    </ClCompile>
    <ClCompile Include="..\..\..\Libs\Lunatic\Lua\Raw\src\lbaselib.c">
      <Filter>Source Files\Slyvina\Lunatic\Lua</Filter>
    </ClCompile>
    <ClCompile Include="..\..\..\Libs\Lunatic\Lua\Raw\src\lcode.c">
      <Filter>Source Files\Slyvina\Lunatic\Lua</Filter>
    </ClCompile>
    <ClCompile Include="..\..\..\Libs\Lunatic\Lua\Raw\src\lcorolib.c">
      <Filter>Source Files\Slyvina\Lunatic\Lua</Filter>
    </ClCompile>
    <ClCompile Include="..\..\..\Libs\Lunatic\Lua\Raw\src\lctype.c">
      <Filter>Source Files\Slyvina\Lunatic\Lua</Filter>
    </ClCompile>
    <ClCompile Include="..\..\..\Libs\Lunatic\Lua\Raw\src\ldblib.c">
      <Filter>Source Files\Slyvina\Lunatic\Lua</Filter>
    </ClCompile>
    <ClCompile Include="..\..\..\Libs\Lunatic\Lua\Raw\src\ldebug.c">
      <Filter>Source Files\Slyvina\Lunatic\Lua</Filter>
    </ClCompile>
    <ClCompile Include="..\..\..\Libs\Lunatic\Lua\Raw\src\ldo.c">
      <Filter>Source Files\Slyvina\Lunatic\Lua</Filter>
    </ClCompile>
    <ClCompile Include="..\..\..\Libs\Lunatic\Lua\Raw\src\ldump.c">
      <Filter>Source Files\Slyvina\Lunatic\Lua</Filter>
    </ClCompile>
    <ClCompile Include="..\..\..\Libs\Lunatic\Lua\Raw\src\lfunc.c">
      <Filter>Source Files\Slyvina\Lunatic\Lua</Filter>
    </ClCompile>
    <ClCompile Include="..\..\..\Libs\Lunatic\Lua\Raw\src\lgc.c">
      <Filter>Source Files\Slyvina\Lunatic\Lua</Filter>
    </ClCompile>
    <ClCompile Include="..\..\..\Libs\Lunatic\Lua\Raw\src\linit.c">
      <Filter>Source Files\Slyvina\Lunatic\Lua</Filter>
    </ClCompile>
    <ClCompile Include="..\..\..\Libs\Lunatic\Lua\Raw\src\liolib.c">
      <Filter>Source Files\Slyvina\Lunatic\Lua</Filter>
    </ClCompile>
    <ClCompile Include="..\..\..\Libs\Lunatic\Lua\Raw\src\llex.c">
      <Filter>Source Files\Slyvina\Lunatic\Lua</Filter>
    </ClCompile>
    <ClCompile Include="..\..\..\Libs\Lunatic\Lua\Raw\src\lmathlib.c">
      <Filter>Source Files\Slyvina\Lunatic\Lua</Filter>
    </ClCompile>
    <ClCompile Include="..\..\..\Libs\Lunatic\Lua\Raw\src\lmem.c">
      <Filter>Source Files\Slyvina\Lunatic\Lua</Filter>
    </ClCompile>
    <ClCompile Include="..\..\..\Libs\Lunatic\Lua\Raw\src\loadlib.c">
      <Filter>Source Files\Slyvina\Lunatic\Lua</Filter>
    </ClCompile>
    <ClCompile Include="..\..\..\Libs\Lunatic\Lua\Raw\src\lobject.c">
      <Filter>Source Files\Slyvina\Lunatic\Lua</Filter>
    </ClCompile>
    <ClCompile Include="..\..\..\Libs\Lunatic\Lua\Raw\src\lopcodes.c">
      <Filter>Source Files\Slyvina\Lunatic\Lua</Filter>
    </ClCompile>
    <ClCompile Include="..\..\..\Libs\Lunatic\Lua\Raw\src\loslib.c">
      <Filter>Source Files\Slyvina\Lunatic\Lua</Filter>
    </ClCompile>
    <ClCompile Include="..\..\..\Libs\Lunatic\Lua\Raw\src\lparser.c">
      <Filter>Source Files\Slyvina\Lunatic\Lua</Filter>
    </ClCompile>
    <ClCompile Include="..\..\..\Libs\Lunatic\Lua\Raw\src\lstate.c">
      <Filter>Source Files\Slyvina\Lunatic\Lua</Filter>
    </ClCompile>
    <ClCompile Include="..\..\..\Libs\Lunatic\Lua\Raw\src\lstring.c">
      <Filter>Source Files\Slyvina\Lunatic\Lua</Filter>
    </ClCompile>
    <ClCompile Include="..\..\..\Libs\Lunatic\Lua\Raw\src\lstrlib.c">
      <Filter>Source Files\Slyvina\Lunatic\Lua</Filter>
    </ClCompile>
    <ClCompile Include="..\..\..\Libs\Lunatic\Lua\Raw\src\ltable.c">
      <Filter>Source Files\Slyvina\Lunatic\Lua</Filter>
    </ClCompile>
    <ClCompile Include="..\..\..\Libs\Lunatic\Lua\Raw\src\ltablib.c">
      <Filter>Source Files\Slyvina\Lunatic\Lua</Filter>
    </ClCompile>
    <ClCompile Include="..\..\..\Libs\Lunatic\Lua\Raw\src\ltm.c">
      <Filter>Source Files\Slyvina\Lunatic\Lua</Filter>
    </ClCompile>
    <ClCompile Include="..\..\..\Libs\Lunatic\Lua\Raw\src\lundump.c">
      <Filter>Source Files\Slyvina\Lunatic\Lua</Filter>
    </ClCompile>
    <ClCompile Include="..\..\..\Libs\Lunatic\Lua\Raw\src\lutf8lib.c">
      <Filter>Source Files\Slyvina\Lunatic\Lua</Filter>
    </ClCompile>
    <ClCompile Include="..\..\..\Libs\Lunatic\Lua\Raw\src\lvm.c">
      <Filter>Source Files\Slyvina\Lunatic\Lua</Filter>
    </ClCompile>
    <ClCompile Include="..\..\..\Libs\Lunatic\Lua\Raw\src\lzio.c">
      <Filter>Source Files\Slyvina\Lunatic\Lua</Filter>
    </ClCompile>
    <ClCompile Include="API\API_Events.cpp">
      <Filter>Source Files\API</Filter>
    </ClCompile>
    <ClCompile Include="API\API_Graphics.cpp">
      <Filter>Source Files\API</Filter>
    </ClCompile>
    <ClCompile Include="API\API_Vars.cpp">
      <Filter>Source Files\API</Filter>
    </ClCompile>
    <ClCompile Include="API\API_SGFile.cpp">
      <Filter>Source Files\API</Filter>
    </ClCompile>
    <ClCompile Include="API\API_InterState.cpp">
      <Filter>Source Files\API</Filter>
    </ClCompile>
    <ClCompile Include="API\API_JCR.cpp">
      <Filter>Source Files\API</Filter>
    </ClCompile>
    <ClCompile Include="API\API_String.cpp">
      <Filter>Source Files\API</Filter>
    </ClCompile>
    <ClCompile Include="API\API_Bank.cpp">
      <Filter>Source Files\API</Filter>
    </ClCompile>
    <ClCompile Include="API\API_SGJCR.cpp">
      <Filter>Source Files\API</Filter>
    </ClCompile>
    <ClCompile Include="API\API_GINIE.cpp">
      <Filter>Source Files\API</Filter>
    </ClCompile>
    <ClCompile Include="API\API_Audio.cpp">
      <Filter>Source Files\API</Filter>
    </ClCompile>
    <ClCompile Include="SCI_Audio.cpp">
      <Filter>Source Files</Filter>
    </ClCompile>
    <ClCompile Include="..\..\..\Libs\Units\Source\SlyvOpenURL.cpp">
      <Filter>Source Files\Slyvina\Units</Filter>
    </ClCompile>
    <ClCompile Include="..\..\..\Libs\Statistician\Statistician.cpp">
      <Filter>Source Files\Slyvina\Statistician</Filter>
    </ClCompile>
    <ClCompile Include="..\..\..\Libs\Statistician\Statistician_LoadJCR6.cpp">
      <Filter>Source Files\Slyvina\Statistician</Filter>
    </ClCompile>
    <ClCompile Include="..\..\..\Libs\Statistician\Statistician_SaveJCR6.cpp">
      <Filter>Source Files\Slyvina\Statistician</Filter>
    </ClCompile>
    <ClCompile Include="API\API_Statistician.cpp">
      <Filter>Source Files\API</Filter>
    </ClCompile>
    <ClCompile Include="..\..\..\Libs\Kthura\Source\Kthura_Core.cpp">
      <Filter>Source Files\Slyvina\Kthura</Filter>
    </ClCompile>
    <ClCompile Include="..\..\..\Libs\Kthura\Source\Kthura_Draw.cpp">
      <Filter>Source Files\Slyvina\Kthura</Filter>
    </ClCompile>
    <ClCompile Include="..\..\..\Libs\Kthura\Source\Kthura_Draw_TQSG.cpp">
      <Filter>Source Files\Slyvina\Kthura</Filter>
    </ClCompile>
    <ClCompile Include="..\..\..\Libs\Kthura\Source\Kthura_Walk_Dijkstra.cpp">
      <Filter>Source Files\Slyvina\Kthura</Filter>
    </ClCompile>
    <ClCompile Include="..\..\..\Libs\Units\Source\SlyvDijkstra.cpp">
      <Filter>Source Files\Slyvina\Units</Filter>
    </ClCompile>
    <ClCompile Include="SCI_Kthura.cpp">
      <Filter>Source Files</Filter>
    </ClCompile>
    <ClCompile Include="API\API_Kthura.cpp">
      <Filter>Source Files\API</Filter>
    </ClCompile>
  </ItemGroup>
  <ItemGroup>
    <ClInclude Include="..\SCI_Share\Version.hpp">
      <Filter>Header Files\Shared</Filter>
    </ClInclude>
    <ClInclude Include="..\SCI_Share\SCI_Header.hpp">
      <Filter>Header Files\Shared</Filter>
    </ClInclude>
    <ClInclude Include="SCI_Config.hpp">
      <Filter>Header Files</Filter>
    </ClInclude>
    <ClInclude Include="..\..\..\Libs\Units\Headers\SlyvDirry.hpp">
      <Filter>Header Files\Slyvina\Units</Filter>
    </ClInclude>
    <ClInclude Include="..\SCI_Share\SCI_GlobalConfig.hpp">
      <Filter>Header Files\Shared</Filter>
    </ClInclude>
    <ClInclude Include="..\..\..\Libs\Units\Headers\SlyvArgParse.hpp">
      <Filter>Header Files\Slyvina\Units</Filter>
    </ClInclude>
    <ClInclude Include="..\..\..\Libs\Units\Headers\SlyvAsk.hpp">
      <Filter>Header Files\Slyvina\Units</Filter>
    </ClInclude>
    <ClInclude Include="..\..\..\Libs\Units\Headers\SlyvBank.hpp">
      <Filter>Header Files\Slyvina\Units</Filter>
    </ClInclude>
    <ClInclude Include="..\..\..\Libs\Units\Headers\SlyvConInput.hpp">
      <Filter>Header Files\Slyvina\Units</Filter>
    </ClInclude>
    <ClInclude Include="..\..\..\Libs\Units\Headers\SlyvDir.hpp">
      <Filter>Header Files\Slyvina\Units</Filter>
    </ClInclude>
    <ClInclude Include="..\..\..\Libs\Units\Headers\SlyvEndian.hpp">
      <Filter>Header Files\Slyvina\Units</Filter>
    </ClInclude>
    <ClInclude Include="..\..\..\Libs\Units\Headers\SlyvGINIE.hpp">
      <Filter>Header Files\Slyvina\Units</Filter>
    </ClInclude>
    <ClInclude Include="..\..\..\Libs\Units\Headers\SlyvHSVRGB.hpp">
      <Filter>Header Files\Slyvina\Units</Filter>
    </ClInclude>
    <ClInclude Include="..\..\..\Libs\Units\Headers\Slyvina.hpp">
      <Filter>Header Files\Slyvina\Units</Filter>
    </ClInclude>
    <ClInclude Include="..\..\..\Libs\Units\Headers\SlyvMD5.hpp">
      <Filter>Header Files\Slyvina\Units</Filter>
    </ClInclude>
    <ClInclude Include="..\..\..\Libs\Units\Headers\SlyvQCol.hpp">
      <Filter>Header Files\Slyvina\Units</Filter>
    </ClInclude>
    <ClInclude Include="..\..\..\Libs\Units\Headers\SlyvRandom.hpp">
      <Filter>Header Files\Slyvina\Units</Filter>
    </ClInclude>
    <ClInclude Include="..\..\..\Libs\Units\Headers\SlyvRequestFile.hpp">
      <Filter>Header Files\Slyvina\Units</Filter>
    </ClInclude>
    <ClInclude Include="..\..\..\Libs\Units\Headers\SlyvSTOI.hpp">
      <Filter>Header Files\Slyvina\Units</Filter>
    </ClInclude>
    <ClInclude Include="..\..\..\Libs\Units\Headers\SlyvStream.hpp">
      <Filter>Header Files\Slyvina\Units</Filter>
    </ClInclude>
    <ClInclude Include="..\..\..\Libs\Units\Headers\SlyvString.hpp">
      <Filter>Header Files\Slyvina\Units</Filter>
    </ClInclude>
    <ClInclude Include="..\..\..\Libs\Units\Headers\SlyvTime.hpp">
      <Filter>Header Files\Slyvina\Units</Filter>
    </ClInclude>
    <ClInclude Include="..\..\..\Libs\Units\Headers\SlyvVecSearch.hpp">
      <Filter>Header Files\Slyvina\Units</Filter>
    </ClInclude>
    <ClInclude Include="..\..\..\Libs\Units\Headers\SlyvVolumes.hpp">
      <Filter>Header Files\Slyvina\Units</Filter>
    </ClInclude>
    <ClInclude Include="..\..\..\Libs\Lunatic\Lunatic.hpp">
      <Filter>Header Files\Slyvina\Lunatic</Filter>
    </ClInclude>
    <ClInclude Include="..\..\..\Libs\Lunatic\Lua\Raw\src\lapi.h">
      <Filter>Header Files\Slyvina\Lunatic\Lua</Filter>
    </ClInclude>
    <ClInclude Include="..\..\..\Libs\Lunatic\Lua\Raw\src\lauxlib.h">
      <Filter>Header Files\Slyvina\Lunatic\Lua</Filter>
    </ClInclude>
    <ClInclude Include="..\..\..\Libs\Lunatic\Lua\Raw\src\lcode.h">
      <Filter>Header Files\Slyvina\Lunatic\Lua</Filter>
    </ClInclude>
    <ClInclude Include="..\..\..\Libs\Lunatic\Lua\Raw\src\lctype.h">
      <Filter>Header Files\Slyvina\Lunatic\Lua</Filter>
    </ClInclude>
    <ClInclude Include="..\..\..\Libs\Lunatic\Lua\Raw\src\ldebug.h">
      <Filter>Header Files\Slyvina\Lunatic\Lua</Filter>
    </ClInclude>
    <ClInclude Include="..\..\..\Libs\Lunatic\Lua\Raw\src\ldo.h">
      <Filter>Header Files\Slyvina\Lunatic\Lua</Filter>
    </ClInclude>
    <ClInclude Include="..\..\..\Libs\Lunatic\Lua\Raw\src\lfunc.h">
      <Filter>Header Files\Slyvina\Lunatic\Lua</Filter>
    </ClInclude>
    <ClInclude Include="..\..\..\Libs\Lunatic\Lua\Raw\src\lgc.h">
      <Filter>Header Files\Slyvina\Lunatic\Lua</Filter>
    </ClInclude>
    <ClInclude Include="..\..\..\Libs\Lunatic\Lua\Raw\src\ljumptab.h">
      <Filter>Header Files\Slyvina\Lunatic\Lua</Filter>
    </ClInclude>
    <ClInclude Include="..\..\..\Libs\Lunatic\Lua\Raw\src\llex.h">
      <Filter>Header Files\Slyvina\Lunatic\Lua</Filter>
    </ClInclude>
    <ClInclude Include="..\..\..\Libs\Lunatic\Lua\Raw\src\llimits.h">
      <Filter>Header Files\Slyvina\Lunatic\Lua</Filter>
    </ClInclude>
    <ClInclude Include="..\..\..\Libs\Lunatic\Lua\Raw\src\lmem.h">
      <Filter>Header Files\Slyvina\Lunatic\Lua</Filter>
    </ClInclude>
    <ClInclude Include="..\..\..\Libs\Lunatic\Lua\Raw\src\lobject.h">
      <Filter>Header Files\Slyvina\Lunatic\Lua</Filter>
    </ClInclude>
    <ClInclude Include="..\..\..\Libs\Lunatic\Lua\Raw\src\lopcodes.h">
      <Filter>Header Files\Slyvina\Lunatic\Lua</Filter>
    </ClInclude>
    <ClInclude Include="..\..\..\Libs\Lunatic\Lua\Raw\src\lopnames.h">
      <Filter>Header Files\Slyvina\Lunatic\Lua</Filter>
    </ClInclude>
    <ClInclude Include="..\..\..\Libs\Lunatic\Lua\Raw\src\lparser.h">
      <Filter>Header Files\Slyvina\Lunatic\Lua</Filter>
    </ClInclude>
    <ClInclude Include="..\..\..\Libs\Lunatic\Lua\Raw\src\lprefix.h">
      <Filter>Header Files\Slyvina\Lunatic\Lua</Filter>
    </ClInclude>
    <ClInclude Include="..\..\..\Libs\Lunatic\Lua\Raw\src\lstate.h">
      <Filter>Header Files\Slyvina\Lunatic\Lua</Filter>
    </ClInclude>
    <ClInclude Include="..\..\..\Libs\Lunatic\Lua\Raw\src\lstring.h">
      <Filter>Header Files\Slyvina\Lunatic\Lua</Filter>
    </ClInclude>
    <ClInclude Include="..\..\..\Libs\Lunatic\Lua\Raw\src\ltable.h">
      <Filter>Header Files\Slyvina\Lunatic\Lua</Filter>
    </ClInclude>
    <ClInclude Include="..\..\..\Libs\Lunatic\Lua\Raw\src\ltm.h">
      <Filter>Header Files\Slyvina\Lunatic\Lua</Filter>
    </ClInclude>
    <ClInclude Include="..\..\..\Libs\Lunatic\Lua\Raw\src\lua.h">
      <Filter>Header Files\Slyvina\Lunatic\Lua</Filter>
    </ClInclude>
    <ClInclude Include="..\..\..\Libs\Lunatic\Lua\Raw\src\lua.hpp">
      <Filter>Header Files\Slyvina\Lunatic\Lua</Filter>
    </ClInclude>
    <ClInclude Include="..\..\..\Libs\Lunatic\Lua\Raw\src\luaconf.h">
      <Filter>Header Files\Slyvina\Lunatic\Lua</Filter>
    </ClInclude>
    <ClInclude Include="..\..\..\Libs\Lunatic\Lua\Raw\src\lualib.h">
      <Filter>Header Files\Slyvina\Lunatic\Lua</Filter>
    </ClInclude>
    <ClInclude Include="..\..\..\Libs\Lunatic\Lua\Raw\src\lundump.h">
      <Filter>Header Files\Slyvina\Lunatic\Lua</Filter>
    </ClInclude>
    <ClInclude Include="..\..\..\Libs\Lunatic\Lua\Raw\src\lvm.h">
      <Filter>Header Files\Slyvina\Lunatic\Lua</Filter>
    </ClInclude>
    <ClInclude Include="..\..\..\Libs\Lunatic\Lua\Raw\src\lzio.h">
      <Filter>Header Files\Slyvina\Lunatic\Lua</Filter>
    </ClInclude>
    <ClInclude Include="SCI_JCR.hpp">
      <Filter>Header Files</Filter>
    </ClInclude>
    <ClInclude Include="SCI_Graphics.hpp">
      <Filter>Header Files</Filter>
    </ClInclude>
    <ClInclude Include="SCI_Crash.hpp">
      <Filter>Header Files</Filter>
    </ClInclude>
    <ClInclude Include="resource.h">
      <Filter>Header Files</Filter>
    </ClInclude>
    <ClInclude Include="SCI_Load.hpp">
      <Filter>Header Files</Filter>
    </ClInclude>
    <ClInclude Include="SCI_Script.hpp">
      <Filter>Header Files</Filter>
    </ClInclude>
    <ClInclude Include="..\..\..\Libs\TQSL\Headers\TQSA.hpp">
      <Filter>Header Files\Slyvina\TQSL</Filter>
    </ClInclude>
    <ClInclude Include="..\..\..\Libs\TQSL\Headers\TQSE.hpp">
      <Filter>Header Files\Slyvina\TQSL</Filter>
    </ClInclude>
    <ClInclude Include="..\..\..\Libs\TQSL\Headers\TQSG.hpp">
      <Filter>Header Files\Slyvina\TQSL</Filter>
    </ClInclude>
    <ClInclude Include="API\SCI_InstallAPIs.hpp">
      <Filter>Source Files\API</Filter>
    </ClInclude>
    <ClInclude Include="API\API_SGJCR_Enum.hpp">
      <Filter>Source Files\API</Filter>
    </ClInclude>
    <ClInclude Include="API\API_Bank.hpp">
      <Filter>Source Files\API</Filter>
    </ClInclude>
    <ClInclude Include="SCI_Audio.hpp">
      <Filter>Header Files</Filter>
    </ClInclude>
    <ClInclude Include="..\..\..\Libs\Statistician\Statistician.hpp">
      <Filter>Header Files\Slyvina\Statistician</Filter>
    </ClInclude>
    <ClInclude Include="..\..\..\Libs\Statistician\Statistician_LoadJCR6.hpp">
      <Filter>Header Files\Slyvina\Statistician</Filter>
    </ClInclude>
    <ClInclude Include="..\..\..\Libs\Statistician\Statistician_SaveJCR6.hpp">
      <Filter>Header Files\Slyvina\Statistician</Filter>
    </ClInclude>
    <ClInclude Include="..\..\..\Libs\Kthura\Headers\Kthura_Core.hpp">
      <Filter>Header Files\Slyvina\Kthura</Filter>
    </ClInclude>
    <ClInclude Include="..\..\..\Libs\Kthura\Headers\Kthura_Draw.hpp">
      <Filter>Header Files\Slyvina\Kthura</Filter>
    </ClInclude>
    <ClInclude Include="..\..\..\Libs\Kthura\Headers\Kthura_Draw_TQSG.hpp">
      <Filter>Header Files\Slyvina\Kthura</Filter>
    </ClInclude>
    <ClInclude Include="..\..\..\Libs\Kthura\Headers\Kthura_Walk_Dijkstra.hpp">
      <Filter>Header Files\Slyvina\Kthura</Filter>
    </ClInclude>
    <ClInclude Include="SCI_Kthura.hpp">
      <Filter>Header Files</Filter>
    </ClInclude>
  </ItemGroup>
  <ItemGroup>
    <CopyFileToFolders Include="..\..\..\Libs\JCR6\3rdParty\zlib\zlib.dll">
      <Filter>Source Files\dll</Filter>
    </CopyFileToFolders>
    <CopyFileToFolders Include="..\..\..\Libs\TQSL\SDL2\zlib1.dll">
      <Filter>Source Files\dll</Filter>
    </CopyFileToFolders>
    <CopyFileToFolders Include="..\..\..\Libs\TQSL\SDL2\SDL2_mixer.dll">
      <Filter>Source Files\dll</Filter>
    </CopyFileToFolders>
    <CopyFileToFolders Include="..\..\..\Libs\TQSL\SDL2\SDL2_image.dll">
      <Filter>Source Files\dll</Filter>
    </CopyFileToFolders>
    <CopyFileToFolders Include="..\..\..\Libs\TQSL\SDL2\SDL2.dll">
      <Filter>Source Files\dll</Filter>
    </CopyFileToFolders>
    <CopyFileToFolders Include="..\..\..\Libs\TQSL\SDL2\libwebp-7.dll">
      <Filter>Source Files\dll</Filter>
    </CopyFileToFolders>
    <CopyFileToFolders Include="..\..\..\Libs\TQSL\SDL2\libvorbisfile-3.dll">
      <Filter>Source Files\dll</Filter>
    </CopyFileToFolders>
    <CopyFileToFolders Include="..\..\..\Libs\TQSL\SDL2\libvorbis-0.dll">
      <Filter>Source Files\dll</Filter>
    </CopyFileToFolders>
    <CopyFileToFolders Include="..\..\..\Libs\TQSL\SDL2\libtiff-5.dll">
      <Filter>Source Files\dll</Filter>
    </CopyFileToFolders>
    <CopyFileToFolders Include="..\..\..\Libs\TQSL\SDL2\libpng16-16.dll">
      <Filter>Source Files\dll</Filter>
    </CopyFileToFolders>
    <CopyFileToFolders Include="..\..\..\Libs\TQSL\SDL2\libopusfile-0.dll">
      <Filter>Source Files\dll</Filter>
    </CopyFileToFolders>
    <CopyFileToFolders Include="..\..\..\Libs\TQSL\SDL2\libopus-0.dll">
      <Filter>Source Files\dll</Filter>
    </CopyFileToFolders>
    <CopyFileToFolders Include="..\..\..\Libs\TQSL\SDL2\libogg-0.dll">
      <Filter>Source Files\dll</Filter>
    </CopyFileToFolders>
    <CopyFileToFolders Include="..\..\..\Libs\TQSL\SDL2\libmpg123-0.dll">
      <Filter>Source Files\dll</Filter>
    </CopyFileToFolders>
    <CopyFileToFolders Include="..\..\..\Libs\TQSL\SDL2\libmodplug-1.dll">
      <Filter>Source Files\dll</Filter>
    </CopyFileToFolders>
    <CopyFileToFolders Include="..\..\..\Libs\TQSL\SDL2\libjpeg-9.dll">
      <Filter>Source Files\dll</Filter>
    </CopyFileToFolders>
    <CopyFileToFolders Include="..\..\..\Libs\TQSL\SDL2\libFLAC-8.dll">
      <Filter>Source Files\dll</Filter>
    </CopyFileToFolders>
  </ItemGroup>
  <ItemGroup>
    <ResourceCompile Include="SCI_Run.rc">
      <Filter>Resource Files</Filter>
    </ResourceCompile>
  </ItemGroup>
  <ItemGroup>
    <Image Include="..\..\..\..\Bubble\Games\The Secrets of Dyrt\DEV\Icon\Scyndi.ico">
      <Filter>Resource Files</Filter>
    </Image>
  </ItemGroup>
  <ItemGroup>
    <None Include="API\API_SGJCR_Enum.py">
      <Filter>Source Files\API</Filter>
    </None>
  </ItemGroup>
</Project>